// !$*UTF8*$!
{
	archiveVersion = 1;
	classes = {
	};
	objectVersion = 46;
	objects = {

/* Begin PBXBuildFile section */
		B5B4369C1A82F06400824D8E /* AppDelegate.swift in Sources */ = {isa = PBXBuildFile; fileRef = B5B4369B1A82F06400824D8E /* AppDelegate.swift */; };
		B5B4369E1A82F06400824D8E /* ViewController.swift in Sources */ = {isa = PBXBuildFile; fileRef = B5B4369D1A82F06400824D8E /* ViewController.swift */; };
		B5B436A11A82F06400824D8E /* Main.storyboard in Resources */ = {isa = PBXBuildFile; fileRef = B5B4369F1A82F06400824D8E /* Main.storyboard */; };
		B5B436A31A82F06400824D8E /* Images.xcassets in Resources */ = {isa = PBXBuildFile; fileRef = B5B436A21A82F06400824D8E /* Images.xcassets */; };
		B5B436A61A82F06400824D8E /* LaunchScreen.xib in Resources */ = {isa = PBXBuildFile; fileRef = B5B436A41A82F06400824D8E /* LaunchScreen.xib */; };
		B5B436B21A82F06400824D8E /* PostcardTests.swift in Sources */ = {isa = PBXBuildFile; fileRef = B5B436B11A82F06400824D8E /* PostcardTests.swift */; };
		B5B436BC1A82F8EB00824D8E /* SagradaFamilia.jpeg in Resources */ = {isa = PBXBuildFile; fileRef = B5B436BB1A82F8EB00824D8E /* SagradaFamilia.jpeg */; };
		B5B436BE1A82FDAF00824D8E /* AlbertEinsteinStamp.jpg in Resources */ = {isa = PBXBuildFile; fileRef = B5B436BD1A82FDAF00824D8E /* AlbertEinsteinStamp.jpg */; };
/* End PBXBuildFile section */

/* Begin PBXContainerItemProxy section */
		B5B436AC1A82F06400824D8E /* PBXContainerItemProxy */ = {
			isa = PBXContainerItemProxy;
			containerPortal = B5B4368E1A82F06400824D8E /* Project object */;
			proxyType = 1;
			remoteGlobalIDString = B5B436951A82F06400824D8E;
			remoteInfo = Postcard;
		};
/* End PBXContainerItemProxy section */

/* Begin PBXFileReference section */
		B5B436961A82F06400824D8E /* Postcard.app */ = {isa = PBXFileReference; explicitFileType = wrapper.application; includeInIndex = 0; path = Postcard.app; sourceTree = BUILT_PRODUCTS_DIR; };
		B5B4369A1A82F06400824D8E /* Info.plist */ = {isa = PBXFileReference; lastKnownFileType = text.plist.xml; path = Info.plist; sourceTree = "<group>"; };
		B5B4369B1A82F06400824D8E /* AppDelegate.swift */ = {isa = PBXFileReference; lastKnownFileType = sourcecode.swift; path = AppDelegate.swift; sourceTree = "<group>"; };
		B5B4369D1A82F06400824D8E /* ViewController.swift */ = {isa = PBXFileReference; lastKnownFileType = sourcecode.swift; path = ViewController.swift; sourceTree = "<group>"; };
		B5B436A01A82F06400824D8E /* Base */ = {isa = PBXFileReference; lastKnownFileType = file.storyboard; name = Base; path = Base.lproj/Main.storyboard; sourceTree = "<group>"; };
		B5B436A21A82F06400824D8E /* Images.xcassets */ = {isa = PBXFileReference; lastKnownFileType = folder.assetcatalog; path = Images.xcassets; sourceTree = "<group>"; };
		B5B436A51A82F06400824D8E /* Base */ = {isa = PBXFileReference; lastKnownFileType = file.xib; name = Base; path = Base.lproj/LaunchScreen.xib; sourceTree = "<group>"; };
		B5B436AB1A82F06400824D8E /* PostcardTests.xctest */ = {isa = PBXFileReference; explicitFileType = wrapper.cfbundle; includeInIndex = 0; path = PostcardTests.xctest; sourceTree = BUILT_PRODUCTS_DIR; };
		B5B436B01A82F06400824D8E /* Info.plist */ = {isa = PBXFileReference; lastKnownFileType = text.plist.xml; path = Info.plist; sourceTree = "<group>"; };
		B5B436B11A82F06400824D8E /* PostcardTests.swift */ = {isa = PBXFileReference; lastKnownFileType = sourcecode.swift; path = PostcardTests.swift; sourceTree = "<group>"; };
		B5B436BB1A82F8EB00824D8E /* SagradaFamilia.jpeg */ = {isa = PBXFileReference; lastKnownFileType = image.jpeg; path = SagradaFamilia.jpeg; sourceTree = "<group>"; };
		B5B436BD1A82FDAF00824D8E /* AlbertEinsteinStamp.jpg */ = {isa = PBXFileReference; lastKnownFileType = image.jpeg; path = AlbertEinsteinStamp.jpg; sourceTree = "<group>"; };
/* End PBXFileReference section */

/* Begin PBXFrameworksBuildPhase section */
		B5B436931A82F06400824D8E /* Frameworks */ = {
			isa = PBXFrameworksBuildPhase;
			buildActionMask = 2147483647;
			files = (
			);
			runOnlyForDeploymentPostprocessing = 0;
		};
		B5B436A81A82F06400824D8E /* Frameworks */ = {
			isa = PBXFrameworksBuildPhase;
			buildActionMask = 2147483647;
			files = (
			);
			runOnlyForDeploymentPostprocessing = 0;
		};
/* End PBXFrameworksBuildPhase section */

/* Begin PBXGroup section */
		B5B4368D1A82F06400824D8E = {
			isa = PBXGroup;
			children = (
				B5B436981A82F06400824D8E /* Postcard */,
				B5B436AE1A82F06400824D8E /* PostcardTests */,
				B5B436971A82F06400824D8E /* Products */,
			);
			sourceTree = "<group>";
		};
		B5B436971A82F06400824D8E /* Products */ = {
			isa = PBXGroup;
			children = (
				B5B436961A82F06400824D8E /* Postcard.app */,
				B5B436AB1A82F06400824D8E /* PostcardTests.xctest */,
			);
			name = Products;
			sourceTree = "<group>";
		};
		B5B436981A82F06400824D8E /* Postcard */ = {
			isa = PBXGroup;
			children = (
				B5B4369B1A82F06400824D8E /* AppDelegate.swift */,
				B5B4369D1A82F06400824D8E /* ViewController.swift */,
				B5B4369F1A82F06400824D8E /* Main.storyboard */,
				B5B436A21A82F06400824D8E /* Images.xcassets */,
				B5B436A41A82F06400824D8E /* LaunchScreen.xib */,
				B5B436991A82F06400824D8E /* Supporting Files */,
			);
			path = Postcard;
			sourceTree = "<group>";
		};
		B5B436991A82F06400824D8E /* Supporting Files */ = {
			isa = PBXGroup;
			children = (
				B5B436BB1A82F8EB00824D8E /* SagradaFamilia.jpeg */,
				B5B436BD1A82FDAF00824D8E /* AlbertEinsteinStamp.jpg */,
				B5B4369A1A82F06400824D8E /* Info.plist */,
			);
			name = "Supporting Files";
			sourceTree = "<group>";
		};
		B5B436AE1A82F06400824D8E /* PostcardTests */ = {
			isa = PBXGroup;
			children = (
				B5B436B11A82F06400824D8E /* PostcardTests.swift */,
				B5B436AF1A82F06400824D8E /* Supporting Files */,
			);
			path = PostcardTests;
			sourceTree = "<group>";
		};
		B5B436AF1A82F06400824D8E /* Supporting Files */ = {
			isa = PBXGroup;
			children = (
				B5B436B01A82F06400824D8E /* Info.plist */,
			);
			name = "Supporting Files";
			sourceTree = "<group>";
		};
/* End PBXGroup section */

/* Begin PBXNativeTarget section */
		B5B436951A82F06400824D8E /* Postcard */ = {
			isa = PBXNativeTarget;
			buildConfigurationList = B5B436B51A82F06400824D8E /* Build configuration list for PBXNativeTarget "Postcard" */;
			buildPhases = (
				B5B436921A82F06400824D8E /* Sources */,
				B5B436931A82F06400824D8E /* Frameworks */,
				B5B436941A82F06400824D8E /* Resources */,
			);
			buildRules = (
			);
			dependencies = (
			);
			name = Postcard;
			productName = Postcard;
			productReference = B5B436961A82F06400824D8E /* Postcard.app */;
			productType = "com.apple.product-type.application";
		};
		B5B436AA1A82F06400824D8E /* PostcardTests */ = {
			isa = PBXNativeTarget;
			buildConfigurationList = B5B436B81A82F06400824D8E /* Build configuration list for PBXNativeTarget "PostcardTests" */;
			buildPhases = (
				B5B436A71A82F06400824D8E /* Sources */,
				B5B436A81A82F06400824D8E /* Frameworks */,
				B5B436A91A82F06400824D8E /* Resources */,
			);
			buildRules = (
			);
			dependencies = (
				B5B436AD1A82F06400824D8E /* PBXTargetDependency */,
			);
			name = PostcardTests;
			productName = PostcardTests;
			productReference = B5B436AB1A82F06400824D8E /* PostcardTests.xctest */;
			productType = "com.apple.product-type.bundle.unit-test";
		};
/* End PBXNativeTarget section */

/* Begin PBXProject section */
		B5B4368E1A82F06400824D8E /* Project object */ = {
			isa = PBXProject;
			attributes = {
				LastUpgradeCheck = 0610;
				ORGANIZATIONNAME = cise;
				TargetAttributes = {
					B5B436951A82F06400824D8E = {
						CreatedOnToolsVersion = 6.1.1;
					};
					B5B436AA1A82F06400824D8E = {
						CreatedOnToolsVersion = 6.1.1;
						TestTargetID = B5B436951A82F06400824D8E;
					};
				};
			};
			buildConfigurationList = B5B436911A82F06400824D8E /* Build configuration list for PBXProject "Postcard" */;
			compatibilityVersion = "Xcode 3.2";
			developmentRegion = English;
			hasScannedForEncodings = 0;
			knownRegions = (
				en,
				Base,
			);
			mainGroup = B5B4368D1A82F06400824D8E;
			productRefGroup = B5B436971A82F06400824D8E /* Products */;
			projectDirPath = "";
			projectRoot = "";
			targets = (
				B5B436951A82F06400824D8E /* Postcard */,
				B5B436AA1A82F06400824D8E /* PostcardTests */,
			);
		};
/* End PBXProject section */

/* Begin PBXResourcesBuildPhase section */
		B5B436941A82F06400824D8E /* Resources */ = {
			isa = PBXResourcesBuildPhase;
			buildActionMask = 2147483647;
			files = (
				B5B436A11A82F06400824D8E /* Main.storyboard in Resources */,
				B5B436BC1A82F8EB00824D8E /* SagradaFamilia.jpeg in Resources */,
				B5B436BE1A82FDAF00824D8E /* AlbertEinsteinStamp.jpg in Resources */,
				B5B436A61A82F06400824D8E /* LaunchScreen.xib in Resources */,
				B5B436A31A82F06400824D8E /* Images.xcassets in Resources */,
			);
			runOnlyForDeploymentPostprocessing = 0;
		};
		B5B436A91A82F06400824D8E /* Resources */ = {
			isa = PBXResourcesBuildPhase;
			buildActionMask = 2147483647;
			files = (
			);
			runOnlyForDeploymentPostprocessing = 0;
		};
/* End PBXResourcesBuildPhase section */

/* Begin PBXSourcesBuildPhase section */
		B5B436921A82F06400824D8E /* Sources */ = {
			isa = PBXSourcesBuildPhase;
			buildActionMask = 2147483647;
			files = (
				B5B4369E1A82F06400824D8E /* ViewController.swift in Sources */,
				B5B4369C1A82F06400824D8E /* AppDelegate.swift in Sources */,
			);
			runOnlyForDeploymentPostprocessing = 0;
		};
		B5B436A71A82F06400824D8E /* Sources */ = {
			isa = PBXSourcesBuildPhase;
			buildActionMask = 2147483647;
			files = (
				B5B436B21A82F06400824D8E /* PostcardTests.swift in Sources */,
			);
			runOnlyForDeploymentPostprocessing = 0;
		};
/* End PBXSourcesBuildPhase section */

/* Begin PBXTargetDependency section */
		B5B436AD1A82F06400824D8E /* PBXTargetDependency */ = {
			isa = PBXTargetDependency;
			target = B5B436951A82F06400824D8E /* Postcard */;
			targetProxy = B5B436AC1A82F06400824D8E /* PBXContainerItemProxy */;
		};
/* End PBXTargetDependency section */

/* Begin PBXVariantGroup section */
		B5B4369F1A82F06400824D8E /* Main.storyboard */ = {
			isa = PBXVariantGroup;
			children = (
				B5B436A01A82F06400824D8E /* Base */,
			);
			name = Main.storyboard;
			sourceTree = "<group>";
		};
		B5B436A41A82F06400824D8E /* LaunchScreen.xib */ = {
			isa = PBXVariantGroup;
			children = (
				B5B436A51A82F06400824D8E /* Base */,
			);
			name = LaunchScreen.xib;
			sourceTree = "<group>";
		};
/* End PBXVariantGroup section */

/* Begin XCBuildConfiguration section */
		B5B436B31A82F06400824D8E /* Debug */ = {
			isa = XCBuildConfiguration;
			buildSettings = {
				ALWAYS_SEARCH_USER_PATHS = NO;
				CLANG_CXX_LANGUAGE_STANDARD = "gnu++0x";
				CLANG_CXX_LIBRARY = "libc++";
				CLANG_ENABLE_MODULES = YES;
				CLANG_ENABLE_OBJC_ARC = YES;
				CLANG_WARN_BOOL_CONVERSION = YES;
				CLANG_WARN_CONSTANT_CONVERSION = YES;
				CLANG_WARN_DIRECT_OBJC_ISA_USAGE = YES_ERROR;
				CLANG_WARN_EMPTY_BODY = YES;
				CLANG_WARN_ENUM_CONVERSION = YES;
				CLANG_WARN_INT_CONVERSION = YES;
				CLANG_WARN_OBJC_ROOT_CLASS = YES_ERROR;
				CLANG_WARN_UNREACHABLE_CODE = YES;
				CLANG_WARN__DUPLICATE_METHOD_MATCH = YES;
				"CODE_SIGN_IDENTITY[sdk=iphoneos*]" = "iPhone Developer";
				COPY_PHASE_STRIP = NO;
				ENABLE_STRICT_OBJC_MSGSEND = YES;
				GCC_C_LANGUAGE_STANDARD = gnu99;
				GCC_DYNAMIC_NO_PIC = NO;
				GCC_OPTIMIZATION_LEVEL = 0;
				GCC_PREPROCESSOR_DEFINITIONS = (
					"DEBUG=1",
					"$(inherited)",
				);
				GCC_SYMBOLS_PRIVATE_EXTERN = NO;
				GCC_WARN_64_TO_32_BIT_CONVERSION = YES;
				GCC_WARN_ABOUT_RETURN_TYPE = YES_ERROR;
				GCC_WARN_UNDECLARED_SELECTOR = YES;
				GCC_WARN_UNINITIALIZED_AUTOS = YES_AGGRESSIVE;
				GCC_WARN_UNUSED_FUNCTION = YES;
				GCC_WARN_UNUSED_VARIABLE = YES;
				IPHONEOS_DEPLOYMENT_TARGET = 8.1;
				MTL_ENABLE_DEBUG_INFO = YES;
				ONLY_ACTIVE_ARCH = YES;
				SDKROOT = iphoneos;
				SWIFT_OPTIMIZATION_LEVEL = "-Onone";
				TARGETED_DEVICE_FAMILY = "1,2";
			};
			name = Debug;
		};
		B5B436B41A82F06400824D8E /* Release */ = {
			isa = XCBuildConfiguration;
			buildSettings = {
				ALWAYS_SEARCH_USER_PATHS = NO;
				CLANG_CXX_LANGUAGE_STANDARD = "gnu++0x";
				CLANG_CXX_LIBRARY = "libc++";
				CLANG_ENABLE_MODULES = YES;
				CLANG_ENABLE_OBJC_ARC = YES;
				CLANG_WARN_BOOL_CONVERSION = YES;
				CLANG_WARN_CONSTANT_CONVERSION = YES;
				CLANG_WARN_DIRECT_OBJC_ISA_USAGE = YES_ERROR;
				CLANG_WARN_EMPTY_BODY = YES;
				CLANG_WARN_ENUM_CONVERSION = YES;
				CLANG_WARN_INT_CONVERSION = YES;
				CLANG_WARN_OBJC_ROOT_CLASS = YES_ERROR;
				CLANG_WARN_UNREACHABLE_CODE = YES;
				CLANG_WARN__DUPLICATE_METHOD_MATCH = YES;
				"CODE_SIGN_IDENTITY[sdk=iphoneos*]" = "iPhone Developer";
				COPY_PHASE_STRIP = YES;
				ENABLE_NS_ASSERTIONS = NO;
				ENABLE_STRICT_OBJC_MSGSEND = YES;
				GCC_C_LANGUAGE_STANDARD = gnu99;
				GCC_WARN_64_TO_32_BIT_CONVERSION = YES;
				GCC_WARN_ABOUT_RETURN_TYPE = YES_ERROR;
				GCC_WARN_UNDECLARED_SELECTOR = YES;
				GCC_WARN_UNINITIALIZED_AUTOS = YES_AGGRESSIVE;
				GCC_WARN_UNUSED_FUNCTION = YES;
				GCC_WARN_UNUSED_VARIABLE = YES;
				IPHONEOS_DEPLOYMENT_TARGET = 8.1;
				MTL_ENABLE_DEBUG_INFO = NO;
				SDKROOT = iphoneos;
				TARGETED_DEVICE_FAMILY = "1,2";
				VALIDATE_PRODUCT = YES;
			};
			name = Release;
		};
		B5B436B61A82F06400824D8E /* Debug */ = {
			isa = XCBuildConfiguration;
			buildSettings = {
				ASSETCATALOG_COMPILER_APPICON_NAME = AppIcon;
				INFOPLIST_FILE = Postcard/Info.plist;
				LD_RUNPATH_SEARCH_PATHS = "$(inherited) @executable_path/Frameworks";
				PRODUCT_NAME = "$(TARGET_NAME)";
			};
			name = Debug;
		};
		B5B436B71A82F06400824D8E /* Release */ = {
			isa = XCBuildConfiguration;
			buildSettings = {
				ASSETCATALOG_COMPILER_APPICON_NAME = AppIcon;
				INFOPLIST_FILE = Postcard/Info.plist;
				LD_RUNPATH_SEARCH_PATHS = "$(inherited) @executable_path/Frameworks";
				PRODUCT_NAME = "$(TARGET_NAME)";
			};
			name = Release;
		};
		B5B436B91A82F06400824D8E /* Debug */ = {
			isa = XCBuildConfiguration;
			buildSettings = {
				BUNDLE_LOADER = "$(TEST_HOST)";
				FRAMEWORK_SEARCH_PATHS = (
					"$(SDKROOT)/Developer/Library/Frameworks",
					"$(inherited)",
				);
				GCC_PREPROCESSOR_DEFINITIONS = (
					"DEBUG=1",
					"$(inherited)",
				);
				INFOPLIST_FILE = PostcardTests/Info.plist;
				LD_RUNPATH_SEARCH_PATHS = "$(inherited) @executable_path/Frameworks @loader_path/Frameworks";
				PRODUCT_NAME = "$(TARGET_NAME)";
				TEST_HOST = "$(BUILT_PRODUCTS_DIR)/Postcard.app/Postcard";
			};
			name = Debug;
		};
		B5B436BA1A82F06400824D8E /* Release */ = {
			isa = XCBuildConfiguration;
			buildSettings = {
				BUNDLE_LOADER = "$(TEST_HOST)";
				FRAMEWORK_SEARCH_PATHS = (
					"$(SDKROOT)/Developer/Library/Frameworks",
					"$(inherited)",
				);
				INFOPLIST_FILE = PostcardTests/Info.plist;
				LD_RUNPATH_SEARCH_PATHS = "$(inherited) @executable_path/Frameworks @loader_path/Frameworks";
				PRODUCT_NAME = "$(TARGET_NAME)";
				TEST_HOST = "$(BUILT_PRODUCTS_DIR)/Postcard.app/Postcard";
			};
			name = Release;
		};
/* End XCBuildConfiguration section */

/* Begin XCConfigurationList section */
		B5B436911A82F06400824D8E /* Build configuration list for PBXProject "Postcard" */ = {
			isa = XCConfigurationList;
			buildConfigurations = (
				B5B436B31A82F06400824D8E /* Debug */,
				B5B436B41A82F06400824D8E /* Release */,
			);
			defaultConfigurationIsVisible = 0;
			defaultConfigurationName = Release;
		};
		B5B436B51A82F06400824D8E /* Build configuration list for PBXNativeTarget "Postcard" */ = {
			isa = XCConfigurationList;
			buildConfigurations = (
				B5B436B61A82F06400824D8E /* Debug */,
				B5B436B71A82F06400824D8E /* Release */,
			);
			defaultConfigurationIsVisible = 0;
			defaultConfigurationName = Release;
		};
		B5B436B81A82F06400824D8E /* Build configuration list for PBXNativeTarget "PostcardTests" */ = {
			isa = XCConfigurationList;
			buildConfigurations = (
				B5B436B91A82F06400824D8E /* Debug */,
				B5B436BA1A82F06400824D8E /* Release */,
			);
			defaultConfigurationIsVisible = 0;
			defaultConfigurationName = Release;
		};
/* End XCConfigurationList section */
	};
	rootObject = B5B4368E1A82F06400824D8E /* Project object */;
}
